
Microsoft Visual Studio Solution File, Format Version 12.00
# Visual Studio Version 16
VisualStudioVersion = 16.0.30611.23
MinimumVisualStudioVersion = 10.0.40219.1
Project("{9A19103F-16F7-4668-BE54-9A1E7A4F7556}") = "proiect_sah", "proiect_sah\proiect_sah.csproj", "{B02BF678-47EA-4D7D-9766-0D792B2F5EFC}"
EndProject
Project("{FAE04EC0-301F-11D3-BF4B-00C04F79EFBC}") = "test_tabla", "test_tabla\test_tabla.csproj", "{D25BEE3F-482D-4FF6-9370-F8BC7309303A}"
EndProject
Project("{FAE04EC0-301F-11D3-BF4B-00C04F79EFBC}") = "sah", "sah\sah.csproj", "{323D723C-0591-4B1F-A7C4-5438A1B4FBBD}"
EndProject
Project("{FAE04EC0-301F-11D3-BF4B-00C04F79EFBC}") = "sah_web", "sah_web\sah_web.csproj", "{18E02016-27B8-4F8B-AC1B-64A7114D1BE7}"
EndProject
Global
	GlobalSection(SolutionConfigurationPlatforms) = preSolution
		Debug|Any CPU = Debug|Any CPU
		Release|Any CPU = Release|Any CPU
	EndGlobalSection
	GlobalSection(ProjectConfigurationPlatforms) = postSolution
		{B02BF678-47EA-4D7D-9766-0D792B2F5EFC}.Debug|Any CPU.ActiveCfg = Debug|Any CPU
		{B02BF678-47EA-4D7D-9766-0D792B2F5EFC}.Debug|Any CPU.Build.0 = Debug|Any CPU
		{B02BF678-47EA-4D7D-9766-0D792B2F5EFC}.Release|Any CPU.ActiveCfg = Release|Any CPU
		{B02BF678-47EA-4D7D-9766-0D792B2F5EFC}.Release|Any CPU.Build.0 = Release|Any CPU
		{D25BEE3F-482D-4FF6-9370-F8BC7309303A}.Debug|Any CPU.ActiveCfg = Debug|Any CPU
		{D25BEE3F-482D-4FF6-9370-F8BC7309303A}.Debug|Any CPU.Build.0 = Debug|Any CPU
		{D25BEE3F-482D-4FF6-9370-F8BC7309303A}.Release|Any CPU.ActiveCfg = Release|Any CPU
		{D25BEE3F-482D-4FF6-9370-F8BC7309303A}.Release|Any CPU.Build.0 = Release|Any CPU
		{323D723C-0591-4B1F-A7C4-5438A1B4FBBD}.Debug|Any CPU.ActiveCfg = Debug|Any CPU
		{323D723C-0591-4B1F-A7C4-5438A1B4FBBD}.Debug|Any CPU.Build.0 = Debug|Any CPU
		{323D723C-0591-4B1F-A7C4-5438A1B4FBBD}.Release|Any CPU.ActiveCfg = Release|Any CPU
		{323D723C-0591-4B1F-A7C4-5438A1B4FBBD}.Release|Any CPU.Build.0 = Release|Any CPU
		{18E02016-27B8-4F8B-AC1B-64A7114D1BE7}.Debug|Any CPU.ActiveCfg = Debug|Any CPU
		{18E02016-27B8-4F8B-AC1B-64A7114D1BE7}.Debug|Any CPU.Build.0 = Debug|Any CPU
		{18E02016-27B8-4F8B-AC1B-64A7114D1BE7}.Release|Any CPU.ActiveCfg = Release|Any CPU
		{18E02016-27B8-4F8B-AC1B-64A7114D1BE7}.Release|Any CPU.Build.0 = Release|Any CPU
	EndGlobalSection
	GlobalSection(SolutionProperties) = preSolution
		HideSolutionNode = FALSE
	EndGlobalSection
	GlobalSection(ExtensibilityGlobals) = postSolution
		SolutionGuid = {8DE1EF64-01CC-4439-8415-56ABF275C90A}
	EndGlobalSection
EndGlobal
