
Microsoft Visual Studio Solution File, Format Version 12.00
# Visual Studio Version 16
VisualStudioVersion = 16.0.30611.23
MinimumVisualStudioVersion = 10.0.40219.1
Project("{FAE04EC0-301F-11D3-BF4B-00C04F79EFBC}") = "proiect_sah", "proiect_sah\proiect_sah.csproj", "{B02BF678-47EA-4D7D-9766-0D792B2F5EFC}"
EndProject
Global
	GlobalSection(SolutionConfigurationPlatforms) = preSolution
		Debug|Any CPU = Debug|Any CPU
		Release|Any CPU = Release|Any CPU
	EndGlobalSection
	GlobalSection(ProjectConfigurationPlatforms) = postSolution
		{B02BF678-47EA-4D7D-9766-0D792B2F5EFC}.Debug|Any CPU.ActiveCfg = Debug|Any CPU
		{B02BF678-47EA-4D7D-9766-0D792B2F5EFC}.Debug|Any CPU.Build.0 = Debug|Any CPU
		{B02BF678-47EA-4D7D-9766-0D792B2F5EFC}.Release|Any CPU.ActiveCfg = Release|Any CPU
		{B02BF678-47EA-4D7D-9766-0D792B2F5EFC}.Release|Any CPU.Build.0 = Release|Any CPU
	EndGlobalSection
	GlobalSection(SolutionProperties) = preSolution
		HideSolutionNode = FALSE
	EndGlobalSection
	GlobalSection(ExtensibilityGlobals) = postSolution
		SolutionGuid = {8DE1EF64-01CC-4439-8415-56ABF275C90A}
	EndGlobalSection
EndGlobal
